# This file is automatically @generated by Poetry and should not be changed by hand.

[[package]]
name = "pdftotext"
version = "2.2.2"
description = "Simple PDF text extraction"
category = "main"
optional = false
python-versions = "*"
files = [
    {file = "pdftotext-2.2.2.tar.gz", hash = "sha256:2a9aa89bc62022408781b39d188fabf5a3ad1103b6630f32c4e27e395f7966ee"},
]

[metadata]
lock-version = "2.0"
python-versions = "^3.8"
content-hash = "8e847df3875fc9aad8ef5aa83596784e7e9aa95330b204feff5463cfb9a8f71d"
